PODS:
  - AppAuth (1.7.6):
    - AppAuth/Core (= 1.7.6)
    - AppAuth/ExternalUserAgent (= 1.7.6)
  - AppAuth/Core (1.7.6)
  - AppAuth/ExternalUserAgent (1.7.6):
    - AppAuth/Core
  - AppCheckCore (11.2.0):
    - GoogleUtilities/Environment (~> 8.0)
    - GoogleUtilities/UserDefaults (~> 8.0)
    - PromisesObjC (~> 2.4)
  - Flutter (1.0.0)
  - google_sign_in_ios (0.0.1):
    - AppAuth (>= 1.7.4)
    - Flutter
    - FlutterMacOS
    - GoogleSignIn (~> 8.0)
    - GTMSessionFetcher (>= 3.4.0)
  - GoogleSignIn (8.0.0):
    - AppAuth (< 2.0, >= 1.7.3)
    - AppCheckCore (~> 11.0)
    - GTMAppAuth (< 5.0, >= 4.1.1)
    - GTMSessionFetcher/Core (~> 3.3)
  - GoogleUtilities/Environment (8.1.0):
    - GoogleUtilities/Privacy
  - GoogleUtilities/Logger (8.1.0):
    - GoogleUtilities/Environment
    - GoogleUtilities/Privacy
  - GoogleUtilities/Privacy (8.1.0)
  - GoogleUtilities/UserDefaults (8.1.0):
    - GoogleUtilities/Logger
    - GoogleUtilities/Privacy
  - GTMAppAuth (4.1.1):
    - AppAuth/Core (~> 1.7)
    - GTMSessionFetcher/Core (< 4.0, >= 3.3)
  - GTMSessionFetcher (3.5.0):
    - GTMSessionFetcher/Full (= 3.5.0)
  - GTMSessionFetcher/Core (3.5.0)
  - GTMSessionFetcher/Full (3.5.0):
    - GTMSessionFetcher/Core
  - image_picker_ios (0.0.1):
    - Flutter
  - integration_test (0.0.1):
    - Flutter
  - PromisesObjC (2.4.0)
  - shared_preferences_foundation (0.0.1):
    - Flutter
    - FlutterMacOS
  - Stripe (25.0.1):
    - StripeApplePay (= 25.0.1)
    - StripeCore (= 25.0.1)
    - StripePayments (= 25.0.1)
    - StripePaymentsUI (= 25.0.1)
    - StripeUICore (= 25.0.1)
  - stripe_ios (0.0.1):
    - Flutter
    - Stripe (~> 25.0.1)
    - stripe_ios/stripe_ios (= 0.0.1)
    - stripe_ios/stripe_objc (= 0.0.1)
    - StripeApplePay (~> 25.0.1)
    - StripeFinancialConnections (~> 25.0.1)
    - StripePayments (~> 25.0.1)
    - StripePaymentSheet (~> 25.0.1)
    - StripePaymentsUI (~> 25.0.1)
  - stripe_ios/stripe_ios (0.0.1):
    - Flutter
    - Stripe (~> 25.0.1)
    - stripe_ios/stripe_objc
    - StripeApplePay (~> 25.0.1)
    - StripeFinancialConnections (~> 25.0.1)
    - StripePayments (~> 25.0.1)
    - StripePaymentSheet (~> 25.0.1)
    - StripePaymentsUI (~> 25.0.1)
  - stripe_ios/stripe_objc (0.0.1):
    - Flutter
    - Stripe (~> 25.0.1)
    - StripeApplePay (~> 25.0.1)
    - StripeFinancialConnections (~> 25.0.1)
    - StripePayments (~> 25.0.1)
    - StripePaymentSheet (~> 25.0.1)
    - StripePaymentsUI (~> 25.0.1)
  - StripeApplePay (25.0.1):
    - StripeCore (= 25.0.1)
  - StripeCore (25.0.1)
  - StripeFinancialConnections (25.0.1):
    - StripeCore (= 25.0.1)
    - StripeUICore (= 25.0.1)
  - StripePayments (25.0.1):
    - StripeCore (= 25.0.1)
    - StripePayments/Stripe3DS2 (= 25.0.1)
  - StripePayments/Stripe3DS2 (25.0.1):
    - StripeCore (= 25.0.1)
  - StripePaymentSheet (25.0.1):
    - StripeApplePay (= 25.0.1)
    - StripeCore (= 25.0.1)
    - StripePayments (= 25.0.1)
    - StripePaymentsUI (= 25.0.1)
  - StripePaymentsUI (25.0.1):
    - StripeCore (= 25.0.1)
    - StripePayments (= 25.0.1)
    - StripeUICore (= 25.0.1)
  - StripeUICore (25.0.1):
    - StripeCore (= 25.0.1)
  - url_launcher_ios (0.0.1):
    - Flutter
  - video_player_avfoundation (0.0.1):
    - Flutter
    - FlutterMacOS

DEPENDENCIES:
  - Flutter (from `Flutter`)
  - google_sign_in_ios (from `.symlinks/plugins/google_sign_in_ios/darwin`)
  - image_picker_ios (from `.symlinks/plugins/image_picker_ios/ios`)
  - integration_test (from `.symlinks/plugins/integration_test/ios`)
  - shared_preferences_foundation (from `.symlinks/plugins/shared_preferences_foundation/darwin`)
  - stripe_ios (from `.symlinks/plugins/stripe_ios/ios`)
  - url_launcher_ios (from `.symlinks/plugins/url_launcher_ios/ios`)
  - video_player_avfoundation (from `.symlinks/plugins/video_player_avfoundation/darwin`)

SPEC REPOS:
  trunk:
    - AppAuth
    - AppCheckCore
    - GoogleSignIn
    - GoogleUtilities
    - GTMAppAuth
    - GTMSessionFetcher
    - PromisesObjC
    - Stripe
    - StripeApplePay
    - StripeCore
    - StripeFinancialConnections
    - StripePayments
    - StripePaymentSheet
    - StripePaymentsUI
    - StripeUICore

EXTERNAL SOURCES:
  Flutter:
    :path: Flutter
  google_sign_in_ios:
    :path: ".symlinks/plugins/google_sign_in_ios/darwin"
  image_picker_ios:
    :path: ".symlinks/plugins/image_picker_ios/ios"
  integration_test:
    :path: ".symlinks/plugins/integration_test/ios"
  shared_preferences_foundation:
    :path: ".symlinks/plugins/shared_preferences_foundation/darwin"
  stripe_ios:
    :path: ".symlinks/plugins/stripe_ios/ios"
  url_launcher_ios:
    :path: ".symlinks/plugins/url_launcher_ios/ios"
  video_player_avfoundation:
    :path: ".symlinks/plugins/video_player_avfoundation/darwin"

SPEC CHECKSUMS:
  AppAuth: d4f13a8fe0baf391b2108511793e4b479691fb73
  AppCheckCore: cc8fd0a3a230ddd401f326489c99990b013f0c4f
  Flutter: cabc95a1d2626b1b06e7179b784ebcf0c0cde467
  google_sign_in_ios: b48bb9af78576358a168361173155596c845f0b9
  GoogleSignIn: ce8c89bb9b37fb624b92e7514cc67335d1e277e4
  GoogleUtilities: 00c88b9a86066ef77f0da2fab05f65d7768ed8e1
  GTMAppAuth: f69bd07d68cd3b766125f7e072c45d7340dea0de
  GTMSessionFetcher: 5aea5ba6bd522a239e236100971f10cb71b96ab6
  image_picker_ios: 7fe1ff8e34c1790d6fff70a32484959f563a928a
  integration_test: 4a889634ef21a45d28d50d622cf412dc6d9f586e
  PromisesObjC: f5707f49cb48b9636751c5b2e7d227e43fba9f47
  shared_preferences_foundation: 9e1978ff2562383bd5676f64ec4e9aa8fa06a6f7
  Stripe: 4728e3e0dd8df134e4a420ab504e929a93a815f0
  stripe_ios: b6b8ef64e89a5409da466b4e6a2a6a26178892a6
  StripeApplePay: 43997281ace138a1c75a8f2d7be11925ea28644c
  StripeCore: 457c30e2fd3a7c4b274a5ad53d1ff03661eef2a0
  StripeFinancialConnections: 8c2e326f767fb014b53174b3a5f8592c0a45fa56
  StripePayments: 6955de4298a5265e66f02cffcc7954475ac7f6c8
  StripePaymentSheet: 3f93ce6ea84afde770d3c7e18a9b8f99aed63896
  StripePaymentsUI: 626726a01255a6458c35436f7f6431dacee82684
  StripeUICore: 30f8352fd7a5cf1541b7777a57b3ad1133bf6763
  url_launcher_ios: 7a95fa5b60cc718a708b8f2966718e93db0cef1b
  video_player_avfoundation: dd410b52df6d2466a42d28550e33e4146928280a

PODFILE CHECKSUM: f79e1872da79a29354b04cf03619f8f3d69fe58e

COCOAPODS: 1.16.2
